
Microsoft Visual Studio Solution File, Format Version 12.00
# Visual Studio Version 16
VisualStudioVersion = 16.0.30503.244
MinimumVisualStudioVersion = 10.0.40219.1
Project("{FAE04EC0-301F-11D3-BF4B-00C04F79EFBC}") = "TiminsHospitalProjectV3", "TiminsHospitalProjectV3\TiminsHospitalProjectV3.csproj", "{6BA7B5E9-1452-4917-8B64-A2C7F1F78D39}"
EndProject
Global
	GlobalSection(SolutionConfigurationPlatforms) = preSolution
		Debug|Any CPU = Debug|Any CPU
		Release|Any CPU = Release|Any CPU
	EndGlobalSection
	GlobalSection(ProjectConfigurationPlatforms) = postSolution
		{6BA7B5E9-1452-4917-8B64-A2C7F1F78D39}.Debug|Any CPU.ActiveCfg = Debug|Any CPU
		{6BA7B5E9-1452-4917-8B64-A2C7F1F78D39}.Debug|Any CPU.Build.0 = Debug|Any CPU
		{6BA7B5E9-1452-4917-8B64-A2C7F1F78D39}.Release|Any CPU.ActiveCfg = Release|Any CPU
		{6BA7B5E9-1452-4917-8B64-A2C7F1F78D39}.Release|Any CPU.Build.0 = Release|Any CPU
	EndGlobalSection
	GlobalSection(SolutionProperties) = preSolution
		HideSolutionNode = FALSE
	EndGlobalSection
	GlobalSection(ExtensibilityGlobals) = postSolution
		SolutionGuid = {3E3510A4-1027-4B45-85A1-7FF5D017DEEC}
	EndGlobalSection
EndGlobal
